// !$*UTF8*$!
{
	archiveVersion = 1;
	classes = {
	};
	objectVersion = 56;
	objects = {

/* Begin PBXBuildFile section */
		4CE1E0DB29B52DB000D3B048 /* QuotesApp.swift in Sources */ = {isa = PBXBuildFile; fileRef = 4CE1E0DA29B52DB000D3B048 /* QuotesApp.swift */; };
		4CE1E0DD29B52DB000D3B048 /* QuotesView.swift in Sources */ = {isa = PBXBuildFile; fileRef = 4CE1E0DC29B52DB000D3B048 /* QuotesView.swift */; };
		4CE1E0DF29B52DB200D3B048 /* Assets.xcassets in Resources */ = {isa = PBXBuildFile; fileRef = 4CE1E0DE29B52DB200D3B048 /* Assets.xcassets */; };
		4CE1E0E229B52DB200D3B048 /* Preview Assets.xcassets in Resources */ = {isa = PBXBuildFile; fileRef = 4CE1E0E129B52DB200D3B048 /* Preview Assets.xcassets */; };
		4CE1E0EE29B52E7E00D3B048 /* quotes.json in Resources */ = {isa = PBXBuildFile; fileRef = 4CE1E0ED29B52E7E00D3B048 /* quotes.json */; };
		4CE1E0F029B5306E00D3B048 /* QuotesModel.swift in Sources */ = {isa = PBXBuildFile; fileRef = 4CE1E0EF29B5306E00D3B048 /* QuotesModel.swift */; };
		4CE1E0F229B5308D00D3B048 /* DataService.swift in Sources */ = {isa = PBXBuildFile; fileRef = 4CE1E0F129B5308D00D3B048 /* DataService.swift */; };
		4CE1E0F429B530A900D3B048 /* quote.swift in Sources */ = {isa = PBXBuildFile; fileRef = 4CE1E0F329B530A900D3B048 /* quote.swift */; };
		4CE1E0F629B54B3A00D3B048 /* QuoteDetailsView.swift in Sources */ = {isa = PBXBuildFile; fileRef = 4CE1E0F529B54B3A00D3B048 /* QuoteDetailsView.swift */; };
/* End PBXBuildFile section */

/* Begin PBXFileReference section */
		4CE1E0D729B52DB000D3B048 /* Quotes.app */ = {isa = PBXFileReference; explicitFileType = wrapper.application; includeInIndex = 0; path = Quotes.app; sourceTree = BUILT_PRODUCTS_DIR; };
		4CE1E0DA29B52DB000D3B048 /* QuotesApp.swift */ = {isa = PBXFileReference; lastKnownFileType = sourcecode.swift; path = QuotesApp.swift; sourceTree = "<group>"; };
		4CE1E0DC29B52DB000D3B048 /* QuotesView.swift */ = {isa = PBXFileReference; lastKnownFileType = sourcecode.swift; path = QuotesView.swift; sourceTree = "<group>"; };
		4CE1E0DE29B52DB200D3B048 /* Assets.xcassets */ = {isa = PBXFileReference; lastKnownFileType = folder.assetcatalog; path = Assets.xcassets; sourceTree = "<group>"; };
		4CE1E0E129B52DB200D3B048 /* Preview Assets.xcassets */ = {isa = PBXFileReference; lastKnownFileType = folder.assetcatalog; path = "Preview Assets.xcassets"; sourceTree = "<group>"; };
		4CE1E0ED29B52E7E00D3B048 /* quotes.json */ = {isa = PBXFileReference; lastKnownFileType = text.json; path = quotes.json; sourceTree = "<group>"; };
		4CE1E0EF29B5306E00D3B048 /* QuotesModel.swift */ = {isa = PBXFileReference; lastKnownFileType = sourcecode.swift; path = QuotesModel.swift; sourceTree = "<group>"; };
		4CE1E0F129B5308D00D3B048 /* DataService.swift */ = {isa = PBXFileReference; lastKnownFileType = sourcecode.swift; path = DataService.swift; sourceTree = "<group>"; };
		4CE1E0F329B530A900D3B048 /* quote.swift */ = {isa = PBXFileReference; lastKnownFileType = sourcecode.swift; path = quote.swift; sourceTree = "<group>"; };
		4CE1E0F529B54B3A00D3B048 /* QuoteDetailsView.swift */ = {isa = PBXFileReference; lastKnownFileType = sourcecode.swift; path = QuoteDetailsView.swift; sourceTree = "<group>"; };
/* End PBXFileReference section */

/* Begin PBXFrameworksBuildPhase section */
		4CE1E0D429B52DB000D3B048 /* Frameworks */ = {
			isa = PBXFrameworksBuildPhase;
			buildActionMask = 2147483647;
			files = (
			);
			runOnlyForDeploymentPostprocessing = 0;
		};
/* End PBXFrameworksBuildPhase section */

/* Begin PBXGroup section */
		4CE1E0CE29B52DB000D3B048 = {
			isa = PBXGroup;
			children = (
				4CE1E0D929B52DB000D3B048 /* Quotes */,
				4CE1E0D829B52DB000D3B048 /* Products */,
			);
			sourceTree = "<group>";
		};
		4CE1E0D829B52DB000D3B048 /* Products */ = {
			isa = PBXGroup;
			children = (
				4CE1E0D729B52DB000D3B048 /* Quotes.app */,
			);
			name = Products;
			sourceTree = "<group>";
		};
		4CE1E0D929B52DB000D3B048 /* Quotes */ = {
			isa = PBXGroup;
			children = (
				4CE1E0DA29B52DB000D3B048 /* QuotesApp.swift */,
				4CE1E0EC29B52E0300D3B048 /* Services */,
				4CE1E0EB29B52DFD00D3B048 /* Data */,
				4CE1E0EA29B52DF300D3B048 /* Views */,
				4CE1E0E929B52DE800D3B048 /* ViewModels */,
				4CE1E0E829B52DBE00D3B048 /* Models */,
				4CE1E0DE29B52DB200D3B048 /* Assets.xcassets */,
				4CE1E0E029B52DB200D3B048 /* Preview Content */,
			);
			path = Quotes;
			sourceTree = "<group>";
		};
		4CE1E0E029B52DB200D3B048 /* Preview Content */ = {
			isa = PBXGroup;
			children = (
				4CE1E0E129B52DB200D3B048 /* Preview Assets.xcassets */,
			);
			path = "Preview Content";
			sourceTree = "<group>";
		};
		4CE1E0E829B52DBE00D3B048 /* Models */ = {
			isa = PBXGroup;
			children = (
				4CE1E0F329B530A900D3B048 /* quote.swift */,
			);
			path = Models;
			sourceTree = "<group>";
		};
		4CE1E0E929B52DE800D3B048 /* ViewModels */ = {
			isa = PBXGroup;
			children = (
				4CE1E0EF29B5306E00D3B048 /* QuotesModel.swift */,
			);
			path = ViewModels;
			sourceTree = "<group>";
		};
		4CE1E0EA29B52DF300D3B048 /* Views */ = {
			isa = PBXGroup;
			children = (
				4CE1E0DC29B52DB000D3B048 /* QuotesView.swift */,
				4CE1E0F529B54B3A00D3B048 /* QuoteDetailsView.swift */,
			);
			path = Views;
			sourceTree = "<group>";
		};
		4CE1E0EB29B52DFD00D3B048 /* Data */ = {
			isa = PBXGroup;
			children = (
				4CE1E0ED29B52E7E00D3B048 /* quotes.json */,
			);
			path = Data;
			sourceTree = "<group>";
		};
		4CE1E0EC29B52E0300D3B048 /* Services */ = {
			isa = PBXGroup;
			children = (
				4CE1E0F129B5308D00D3B048 /* DataService.swift */,
			);
			path = Services;
			sourceTree = "<group>";
		};
/* End PBXGroup section */

/* Begin PBXNativeTarget section */
		4CE1E0D629B52DB000D3B048 /* Quotes */ = {
			isa = PBXNativeTarget;
			buildConfigurationList = 4CE1E0E529B52DB200D3B048 /* Build configuration list for PBXNativeTarget "Quotes" */;
			buildPhases = (
				4CE1E0D329B52DB000D3B048 /* Sources */,
				4CE1E0D429B52DB000D3B048 /* Frameworks */,
				4CE1E0D529B52DB000D3B048 /* Resources */,
			);
			buildRules = (
			);
			dependencies = (
			);
			name = Quotes;
			productName = Quotes;
			productReference = 4CE1E0D729B52DB000D3B048 /* Quotes.app */;
			productType = "com.apple.product-type.application";
		};
/* End PBXNativeTarget section */

/* Begin PBXProject section */
		4CE1E0CF29B52DB000D3B048 /* Project object */ = {
			isa = PBXProject;
			attributes = {
				BuildIndependentTargetsInParallel = 1;
				LastSwiftUpdateCheck = 1420;
				LastUpgradeCheck = 1420;
				TargetAttributes = {
					4CE1E0D629B52DB000D3B048 = {
						CreatedOnToolsVersion = 14.2;
					};
				};
			};
			buildConfigurationList = 4CE1E0D229B52DB000D3B048 /* Build configuration list for PBXProject "Quotes" */;
			compatibilityVersion = "Xcode 14.0";
			developmentRegion = en;
			hasScannedForEncodings = 0;
			knownRegions = (
				en,
				Base,
			);
			mainGroup = 4CE1E0CE29B52DB000D3B048;
			productRefGroup = 4CE1E0D829B52DB000D3B048 /* Products */;
			projectDirPath = "";
			projectRoot = "";
			targets = (
				4CE1E0D629B52DB000D3B048 /* Quotes */,
			);
		};
/* End PBXProject section */

/* Begin PBXResourcesBuildPhase section */
		4CE1E0D529B52DB000D3B048 /* Resources */ = {
			isa = PBXResourcesBuildPhase;
			buildActionMask = 2147483647;
			files = (
				4CE1E0E229B52DB200D3B048 /* Preview Assets.xcassets in Resources */,
				4CE1E0DF29B52DB200D3B048 /* Assets.xcassets in Resources */,
				4CE1E0EE29B52E7E00D3B048 /* quotes.json in Resources */,
			);
			runOnlyForDeploymentPostprocessing = 0;
		};
/* End PBXResourcesBuildPhase section */

/* Begin PBXSourcesBuildPhase section */
		4CE1E0D329B52DB000D3B048 /* Sources */ = {
			isa = PBXSourcesBuildPhase;
			buildActionMask = 2147483647;
			files = (
				4CE1E0DD29B52DB000D3B048 /* QuotesView.swift in Sources */,
				4CE1E0DB29B52DB000D3B048 /* QuotesApp.swift in Sources */,
				4CE1E0F629B54B3A00D3B048 /* QuoteDetailsView.swift in Sources */,
				4CE1E0F029B5306E00D3B048 /* QuotesModel.swift in Sources */,
				4CE1E0F429B530A900D3B048 /* quote.swift in Sources */,
				4CE1E0F229B5308D00D3B048 /* DataService.swift in Sources */,
			);
			runOnlyForDeploymentPostprocessing = 0;
		};
/* End PBXSourcesBuildPhase section */

/* Begin XCBuildConfiguration section */
		4CE1E0E329B52DB200D3B048 /* Debug */ = {
			isa = XCBuildConfiguration;
			buildSettings = {
				ALWAYS_SEARCH_USER_PATHS = NO;
				CLANG_ANALYZER_NONNULL = YES;
				CLANG_ANALYZER_NUMBER_OBJECT_CONVERSION = YES_AGGRESSIVE;
				CLANG_CXX_LANGUAGE_STANDARD = "gnu++20";
				CLANG_ENABLE_MODULES = YES;
				CLANG_ENABLE_OBJC_ARC = YES;
				CLANG_ENABLE_OBJC_WEAK = YES;
				CLANG_WARN_BLOCK_CAPTURE_AUTORELEASING = YES;
				CLANG_WARN_BOOL_CONVERSION = YES;
				CLANG_WARN_COMMA = YES;
				CLANG_WARN_CONSTANT_CONVERSION = YES;
				CLANG_WARN_DEPRECATED_OBJC_IMPLEMENTATIONS = YES;
				CLANG_WARN_DIRECT_OBJC_ISA_USAGE = YES_ERROR;
				CLANG_WARN_DOCUMENTATION_COMMENTS = YES;
				CLANG_WARN_EMPTY_BODY = YES;
				CLANG_WARN_ENUM_CONVERSION = YES;
				CLANG_WARN_INFINITE_RECURSION = YES;
				CLANG_WARN_INT_CONVERSION = YES;
				CLANG_WARN_NON_LITERAL_NULL_CONVERSION = YES;
				CLANG_WARN_OBJC_IMPLICIT_RETAIN_SELF = YES;
				CLANG_WARN_OBJC_LITERAL_CONVERSION = YES;
				CLANG_WARN_OBJC_ROOT_CLASS = YES_ERROR;
				CLANG_WARN_QUOTED_INCLUDE_IN_FRAMEWORK_HEADER = YES;
				CLANG_WARN_RANGE_LOOP_ANALYSIS = YES;
				CLANG_WARN_STRICT_PROTOTYPES = YES;
				CLANG_WARN_SUSPICIOUS_MOVE = YES;
				CLANG_WARN_UNGUARDED_AVAILABILITY = YES_AGGRESSIVE;
				CLANG_WARN_UNREACHABLE_CODE = YES;
				CLANG_WARN__DUPLICATE_METHOD_MATCH = YES;
				COPY_PHASE_STRIP = NO;
				DEBUG_INFORMATION_FORMAT = dwarf;
				ENABLE_STRICT_OBJC_MSGSEND = YES;
				ENABLE_TESTABILITY = YES;
				GCC_C_LANGUAGE_STANDARD = gnu11;
				GCC_DYNAMIC_NO_PIC = NO;
				GCC_NO_COMMON_BLOCKS = YES;
				GCC_OPTIMIZATION_LEVEL = 0;
				GCC_PREPROCESSOR_DEFINITIONS = (
					"DEBUG=1",
					"$(inherited)",
				);
				GCC_WARN_64_TO_32_BIT_CONVERSION = YES;
				GCC_WARN_ABOUT_RETURN_TYPE = YES_ERROR;
				GCC_WARN_UNDECLARED_SELECTOR = YES;
				GCC_WARN_UNINITIALIZED_AUTOS = YES_AGGRESSIVE;
				GCC_WARN_UNUSED_FUNCTION = YES;
				GCC_WARN_UNUSED_VARIABLE = YES;
				IPHONEOS_DEPLOYMENT_TARGET = 16.2;
				MTL_ENABLE_DEBUG_INFO = INCLUDE_SOURCE;
				MTL_FAST_MATH = YES;
				ONLY_ACTIVE_ARCH = YES;
				SDKROOT = iphoneos;
				SWIFT_ACTIVE_COMPILATION_CONDITIONS = DEBUG;
				SWIFT_OPTIMIZATION_LEVEL = "-Onone";
			};
			name = Debug;
		};
		4CE1E0E429B52DB200D3B048 /* Release */ = {
			isa = XCBuildConfiguration;
			buildSettings = {
				ALWAYS_SEARCH_USER_PATHS = NO;
				CLANG_ANALYZER_NONNULL = YES;
				CLANG_ANALYZER_NUMBER_OBJECT_CONVERSION = YES_AGGRESSIVE;
				CLANG_CXX_LANGUAGE_STANDARD = "gnu++20";
				CLANG_ENABLE_MODULES = YES;
				CLANG_ENABLE_OBJC_ARC = YES;
				CLANG_ENABLE_OBJC_WEAK = YES;
				CLANG_WARN_BLOCK_CAPTURE_AUTORELEASING = YES;
				CLANG_WARN_BOOL_CONVERSION = YES;
				CLANG_WARN_COMMA = YES;
				CLANG_WARN_CONSTANT_CONVERSION = YES;
				CLANG_WARN_DEPRECATED_OBJC_IMPLEMENTATIONS = YES;
				CLANG_WARN_DIRECT_OBJC_ISA_USAGE = YES_ERROR;
				CLANG_WARN_DOCUMENTATION_COMMENTS = YES;
				CLANG_WARN_EMPTY_BODY = YES;
				CLANG_WARN_ENUM_CONVERSION = YES;
				CLANG_WARN_INFINITE_RECURSION = YES;
				CLANG_WARN_INT_CONVERSION = YES;
				CLANG_WARN_NON_LITERAL_NULL_CONVERSION = YES;
				CLANG_WARN_OBJC_IMPLICIT_RETAIN_SELF = YES;
				CLANG_WARN_OBJC_LITERAL_CONVERSION = YES;
				CLANG_WARN_OBJC_ROOT_CLASS = YES_ERROR;
				CLANG_WARN_QUOTED_INCLUDE_IN_FRAMEWORK_HEADER = YES;
				CLANG_WARN_RANGE_LOOP_ANALYSIS = YES;
				CLANG_WARN_STRICT_PROTOTYPES = YES;
				CLANG_WARN_SUSPICIOUS_MOVE = YES;
				CLANG_WARN_UNGUARDED_AVAILABILITY = YES_AGGRESSIVE;
				CLANG_WARN_UNREACHABLE_CODE = YES;
				CLANG_WARN__DUPLICATE_METHOD_MATCH = YES;
				COPY_PHASE_STRIP = NO;
				DEBUG_INFORMATION_FORMAT = "dwarf-with-dsym";
				ENABLE_NS_ASSERTIONS = NO;
				ENABLE_STRICT_OBJC_MSGSEND = YES;
				GCC_C_LANGUAGE_STANDARD = gnu11;
				GCC_NO_COMMON_BLOCKS = YES;
				GCC_WARN_64_TO_32_BIT_CONVERSION = YES;
				GCC_WARN_ABOUT_RETURN_TYPE = YES_ERROR;
				GCC_WARN_UNDECLARED_SELECTOR = YES;
				GCC_WARN_UNINITIALIZED_AUTOS = YES_AGGRESSIVE;
				GCC_WARN_UNUSED_FUNCTION = YES;
				GCC_WARN_UNUSED_VARIABLE = YES;
				IPHONEOS_DEPLOYMENT_TARGET = 16.2;
				MTL_ENABLE_DEBUG_INFO = NO;
				MTL_FAST_MATH = YES;
				SDKROOT = iphoneos;
				SWIFT_COMPILATION_MODE = wholemodule;
				SWIFT_OPTIMIZATION_LEVEL = "-O";
				VALIDATE_PRODUCT = YES;
			};
			name = Release;
		};
		4CE1E0E629B52DB200D3B048 /* Debug */ = {
			isa = XCBuildConfiguration;
			buildSettings = {
				ASSETCATALOG_COMPILER_APPICON_NAME = AppIcon;
				ASSETCATALOG_COMPILER_GLOBAL_ACCENT_COLOR_NAME = AccentColor;
				CODE_SIGN_STYLE = Automatic;
				CURRENT_PROJECT_VERSION = 1;
				DEVELOPMENT_ASSET_PATHS = "\"Quotes/Preview Content\"";
				ENABLE_PREVIEWS = YES;
				GENERATE_INFOPLIST_FILE = YES;
				INFOPLIST_KEY_UIApplicationSceneManifest_Generation = YES;
				INFOPLIST_KEY_UIApplicationSupportsIndirectInputEvents = YES;
				INFOPLIST_KEY_UILaunchScreen_Generation = YES;
				INFOPLIST_KEY_UISupportedInterfaceOrientations_iPad = "UIInterfaceOrientationPortrait UIInterfaceOrientationPortraitUpsideDown UIInterfaceOrientationLandscapeLeft UIInterfaceOrientationLandscapeRight";
				INFOPLIST_KEY_UISupportedInterfaceOrientations_iPhone = "UIInterfaceOrientationPortrait UIInterfaceOrientationLandscapeLeft UIInterfaceOrientationLandscapeRight";
				LD_RUNPATH_SEARCH_PATHS = (
					"$(inherited)",
					"@executable_path/Frameworks",
				);
				MARKETING_VERSION = 1.0;
				PRODUCT_BUNDLE_IDENTIFIER = uitest.Quotes;
				PRODUCT_NAME = "$(TARGET_NAME)";
				SWIFT_EMIT_LOC_STRINGS = YES;
				SWIFT_VERSION = 5.0;
				TARGETED_DEVICE_FAMILY = "1,2";
			};
			name = Debug;
		};
		4CE1E0E729B52DB200D3B048 /* Release */ = {
			isa = XCBuildConfiguration;
			buildSettings = {
				ASSETCATALOG_COMPILER_APPICON_NAME = AppIcon;
				ASSETCATALOG_COMPILER_GLOBAL_ACCENT_COLOR_NAME = AccentColor;
				CODE_SIGN_STYLE = Automatic;
				CURRENT_PROJECT_VERSION = 1;
				DEVELOPMENT_ASSET_PATHS = "\"Quotes/Preview Content\"";
				ENABLE_PREVIEWS = YES;
				GENERATE_INFOPLIST_FILE = YES;
				INFOPLIST_KEY_UIApplicationSceneManifest_Generation = YES;
				INFOPLIST_KEY_UIApplicationSupportsIndirectInputEvents = YES;
				INFOPLIST_KEY_UILaunchScreen_Generation = YES;
				INFOPLIST_KEY_UISupportedInterfaceOrientations_iPad = "UIInterfaceOrientationPortrait UIInterfaceOrientationPortraitUpsideDown UIInterfaceOrientationLandscapeLeft UIInterfaceOrientationLandscapeRight";
				INFOPLIST_KEY_UISupportedInterfaceOrientations_iPhone = "UIInterfaceOrientationPortrait UIInterfaceOrientationLandscapeLeft UIInterfaceOrientationLandscapeRight";
				LD_RUNPATH_SEARCH_PATHS = (
					"$(inherited)",
					"@executable_path/Frameworks",
				);
				MARKETING_VERSION = 1.0;
				PRODUCT_BUNDLE_IDENTIFIER = uitest.Quotes;
				PRODUCT_NAME = "$(TARGET_NAME)";
				SWIFT_EMIT_LOC_STRINGS = YES;
				SWIFT_VERSION = 5.0;
				TARGETED_DEVICE_FAMILY = "1,2";
			};
			name = Release;
		};
/* End XCBuildConfiguration section */

/* Begin XCConfigurationList section */
		4CE1E0D229B52DB000D3B048 /* Build configuration list for PBXProject "Quotes" */ = {
			isa = XCConfigurationList;
			buildConfigurations = (
				4CE1E0E329B52DB200D3B048 /* Debug */,
				4CE1E0E429B52DB200D3B048 /* Release */,
			);
			defaultConfigurationIsVisible = 0;
			defaultConfigurationName = Release;
		};
		4CE1E0E529B52DB200D3B048 /* Build configuration list for PBXNativeTarget "Quotes" */ = {
			isa = XCConfigurationList;
			buildConfigurations = (
				4CE1E0E629B52DB200D3B048 /* Debug */,
				4CE1E0E729B52DB200D3B048 /* Release */,
			);
			defaultConfigurationIsVisible = 0;
			defaultConfigurationName = Release;
		};
/* End XCConfigurationList section */
	};
	rootObject = 4CE1E0CF29B52DB000D3B048 /* Project object */;
}
